
Microsoft Visual Studio Solution File, Format Version 12.00
# Visual Studio 15
VisualStudioVersion = 15.0.26228.9
MinimumVisualStudioVersion = 10.0.40219.1
Project("{9A19103F-16F7-4668-BE54-9A1E7A4F7556}") = "healthcheck-middleware", "src\healthcheck-middleware\healthcheck-middleware.csproj", "{96CDA2D8-8D7B-4AB1-AFE9-527FC42B1415}"
EndProject
Project("{9A19103F-16F7-4668-BE54-9A1E7A4F7556}") = "UnitTests", "test\UnitTests\UnitTests.csproj", "{1A8CD920-4B5E-44CA-83DC-301F0AF3C1BD}"
EndProject
Project("{FAE04EC0-301F-11D3-BF4B-00C04F79EFBC}") = "IntegrationTests", "test\IntegrationTests\IntegrationTests.csproj", "{34163B91-3D63-405B-8B4C-375AE633D5E0}"
EndProject
Global
	GlobalSection(SolutionConfigurationPlatforms) = preSolution
		Debug|Any CPU = Debug|Any CPU
		Release|Any CPU = Release|Any CPU
	EndGlobalSection
	GlobalSection(ProjectConfigurationPlatforms) = postSolution
		{96CDA2D8-8D7B-4AB1-AFE9-527FC42B1415}.Debug|Any CPU.ActiveCfg = Debug|Any CPU
		{96CDA2D8-8D7B-4AB1-AFE9-527FC42B1415}.Debug|Any CPU.Build.0 = Debug|Any CPU
		{96CDA2D8-8D7B-4AB1-AFE9-527FC42B1415}.Release|Any CPU.ActiveCfg = Release|Any CPU
		{96CDA2D8-8D7B-4AB1-AFE9-527FC42B1415}.Release|Any CPU.Build.0 = Release|Any CPU
		{1A8CD920-4B5E-44CA-83DC-301F0AF3C1BD}.Debug|Any CPU.ActiveCfg = Debug|Any CPU
		{1A8CD920-4B5E-44CA-83DC-301F0AF3C1BD}.Debug|Any CPU.Build.0 = Debug|Any CPU
		{1A8CD920-4B5E-44CA-83DC-301F0AF3C1BD}.Release|Any CPU.ActiveCfg = Release|Any CPU
		{1A8CD920-4B5E-44CA-83DC-301F0AF3C1BD}.Release|Any CPU.Build.0 = Release|Any CPU
		{34163B91-3D63-405B-8B4C-375AE633D5E0}.Debug|Any CPU.ActiveCfg = Debug|Any CPU
		{34163B91-3D63-405B-8B4C-375AE633D5E0}.Debug|Any CPU.Build.0 = Debug|Any CPU
		{34163B91-3D63-405B-8B4C-375AE633D5E0}.Release|Any CPU.ActiveCfg = Release|Any CPU
		{34163B91-3D63-405B-8B4C-375AE633D5E0}.Release|Any CPU.Build.0 = Release|Any CPU
	EndGlobalSection
	GlobalSection(SolutionProperties) = preSolution
		HideSolutionNode = FALSE
	EndGlobalSection
EndGlobal
